
Microsoft Visual Studio Solution File, Format Version 12.00
# Visual Studio Version 17
VisualStudioVersion = 17.9.34728.123
MinimumVisualStudioVersion = 10.0.40219.1
Project("{FAE04EC0-301F-11D3-BF4B-00C04F79EFBC}") = "2018 pokusaj 1", "2018 pokusaj 1\2018 pokusaj 1.csproj", "{83AD9291-5379-4512-A572-E375C5EEDDA8}"
EndProject
Global
	GlobalSection(SolutionConfigurationPlatforms) = preSolution
		Debug|Any CPU = Debug|Any CPU
		Release|Any CPU = Release|Any CPU
	EndGlobalSection
	GlobalSection(ProjectConfigurationPlatforms) = postSolution
		{83AD9291-5379-4512-A572-E375C5EEDDA8}.Debug|Any CPU.ActiveCfg = Debug|Any CPU
		{83AD9291-5379-4512-A572-E375C5EEDDA8}.Debug|Any CPU.Build.0 = Debug|Any CPU
		{83AD9291-5379-4512-A572-E375C5EEDDA8}.Release|Any CPU.ActiveCfg = Release|Any CPU
		{83AD9291-5379-4512-A572-E375C5EEDDA8}.Release|Any CPU.Build.0 = Release|Any CPU
	EndGlobalSection
	GlobalSection(SolutionProperties) = preSolution
		HideSolutionNode = FALSE
	EndGlobalSection
	GlobalSection(ExtensibilityGlobals) = postSolution
		SolutionGuid = {EBB9F265-5EBE-4FC6-AD5B-FC46B3957469}
	EndGlobalSection
EndGlobal
